<Solution>
  <Folder Name="/src/">
    <Project Path="src/KnowledgeHub.Client/KnowledgeHub.Client.csproj" />
    <Project Path="src/KnowledgeHub.McpEngine/KnowledgeHub.McpEngine.csproj" />
    <Project Path="src/KnowledgeHub.Server/KnowledgeHub.Server.csproj" />
    <Project Path="src/KnowledgeHub.Shared/KnowledgeHub.Shared.csproj" />
  </Folder>
  <Folder Name="/tests/">
    <Project Path="tests/KnowledgeHub.Tests.Integration/KnowledgeHub.Tests.Integration.csproj" />
    <Project Path="tests/KnowledgeHub.Tests.Unit/KnowledgeHub.Tests.Unit.csproj" />
  </Folder>
</Solution>
